// !$*UTF8*$!
{
	archiveVersion = 1;
	classes = {
	};
	objectVersion = 77;
	objects = {

/* Begin PBXBuildFile section */
		AA0000000000000000000003 /* IPTVUI in Frameworks */ = {isa = PBXBuildFile; productRef = AA0000000000000000000002 /* IPTVUI */; };
		AA0000000000000000000005 /* IPTVUITV in Frameworks */ = {isa = PBXBuildFile; productRef = AA0000000000000000000004 /* IPTVUITV */; };
/* End PBXBuildFile section */

/* Begin PBXContainerItemProxy section */
		8518AA98302CD99300416AB6 /* PBXContainerItemProxy */ = {
			isa = PBXContainerItemProxy;
			containerPortal = 8518AA82302CD99100416AB6 /* Project object */;
			proxyType = 1;
			remoteGlobalIDString = 8518AA89302CD99100416AB6;
			remoteInfo = SuperTV;
		};
		8518AAA2302CD99300416AB6 /* PBXContainerItemProxy */ = {
			isa = PBXContainerItemProxy;
			containerPortal = 8518AA82302CD99100416AB6 /* Project object */;
			proxyType = 1;
			remoteGlobalIDString = 8518AA89302CD99100416AB6;
			remoteInfo = SuperTV;
		};
		8518AB31302EF13500416AB6 /* PBXContainerItemProxy */ = {
			isa = PBXContainerItemProxy;
			containerPortal = 8518AA82302CD99100416AB6 /* Project object */;
			proxyType = 1;
			remoteGlobalIDString = 8518AB19302EF13300416AB6;
			remoteInfo = SuperTVtvOS;
		};
/* End PBXContainerItemProxy section */

/* Begin PBXFileReference section */
		8518AA8A302CD99100416AB6 /* SuperTV.app */ = {isa = PBXFileReference; explicitFileType = wrapper.application; includeInIndex = 0; path = SuperTV.app; sourceTree = BUILT_PRODUCTS_DIR; };
		8518AA97302CD99300416AB6 /* SuperTVTests.xctest */ = {isa = PBXFileReference; explicitFileType = wrapper.cfbundle; includeInIndex = 0; path = SuperTVTests.xctest; sourceTree = BUILT_PRODUCTS_DIR; };
		8518AAA1302CD99300416AB6 /* SuperTVUITests.xctest */ = {isa = PBXFileReference; explicitFileType = wrapper.cfbundle; includeInIndex = 0; path = SuperTVUITests.xctest; sourceTree = BUILT_PRODUCTS_DIR; };
		8518AB1A302EF13300416AB6 /* SuperTVtvOS.app */ = {isa = PBXFileReference; explicitFileType = wrapper.application; includeInIndex = 0; path = SuperTVtvOS.app; sourceTree = BUILT_PRODUCTS_DIR; };
		8518AB30302EF13500416AB6 /* SuperTVtvOSUITests.xctest */ = {isa = PBXFileReference; explicitFileType = wrapper.cfbundle; includeInIndex = 0; path = SuperTVtvOSUITests.xctest; sourceTree = BUILT_PRODUCTS_DIR; };
/* End PBXFileReference section */

/* Begin PBXFileSystemSynchronizedRootGroup section */
		8518AA8C302CD99100416AB6 /* SuperTV */ = {
			isa = PBXFileSystemSynchronizedRootGroup;
			path = SuperTV;
			sourceTree = "<group>";
		};
		8518AA9A302CD99300416AB6 /* SuperTVTests */ = {
			isa = PBXFileSystemSynchronizedRootGroup;
			path = SuperTVTests;
			sourceTree = "<group>";
		};
		8518AAA4302CD99300416AB6 /* SuperTVUITests */ = {
			isa = PBXFileSystemSynchronizedRootGroup;
			path = SuperTVUITests;
			sourceTree = "<group>";
		};
		8518AB1B302EF13300416AB6 /* SuperTVtvOS */ = {
			isa = PBXFileSystemSynchronizedRootGroup;
			path = SuperTVtvOS;
			sourceTree = "<group>";
		};
		8518AB33302EF13500416AB6 /* SuperTVtvOSUITests */ = {
			isa = PBXFileSystemSynchronizedRootGroup;
			path = SuperTVtvOSUITests;
			sourceTree = "<group>";
		};
/* End PBXFileSystemSynchronizedRootGroup section */

/* Begin PBXFrameworksBuildPhase section */
		8518AA87302CD99100416AB6 /* Frameworks */ = {
			isa = PBXFrameworksBuildPhase;
			buildActionMask = 2147483647;
			files = (
				AA0000000000000000000003 /* IPTVUI in Frameworks */,
			);
			runOnlyForDeploymentPostprocessing = 0;
		};
		8518AA94302CD99300416AB6 /* Frameworks */ = {
			isa = PBXFrameworksBuildPhase;
			buildActionMask = 2147483647;
			files = (
			);
			runOnlyForDeploymentPostprocessing = 0;
		};
		8518AA9E302CD99300416AB6 /* Frameworks */ = {
			isa = PBXFrameworksBuildPhase;
			buildActionMask = 2147483647;
			files = (
			);
			runOnlyForDeploymentPostprocessing = 0;
		};
		8518AB17302EF13300416AB6 /* Frameworks */ = {
			isa = PBXFrameworksBuildPhase;
			buildActionMask = 2147483647;
			files = (
				AA0000000000000000000005 /* IPTVUITV in Frameworks */,
			);
			runOnlyForDeploymentPostprocessing = 0;
		};
		8518AB2D302EF13500416AB6 /* Frameworks */ = {
			isa = PBXFrameworksBuildPhase;
			buildActionMask = 2147483647;
			files = (
			);
			runOnlyForDeploymentPostprocessing = 0;
		};
/* End PBXFrameworksBuildPhase section */

/* Begin PBXGroup section */
		8518AA81302CD99100416AB6 = {
			isa = PBXGroup;
			children = (
				8518AA8C302CD99100416AB6 /* SuperTV */,
				8518AA9A302CD99300416AB6 /* SuperTVTests */,
				8518AAA4302CD99300416AB6 /* SuperTVUITests */,
				8518AB1B302EF13300416AB6 /* SuperTVtvOS */,
				8518AB33302EF13500416AB6 /* SuperTVtvOSUITests */,
				8518AA8B302CD99100416AB6 /* Products */,
			);
			sourceTree = "<group>";
		};
		8518AA8B302CD99100416AB6 /* Products */ = {
			isa = PBXGroup;
			children = (
				8518AA8A302CD99100416AB6 /* SuperTV.app */,
				8518AA97302CD99300416AB6 /* SuperTVTests.xctest */,
				8518AAA1302CD99300416AB6 /* SuperTVUITests.xctest */,
				8518AB1A302EF13300416AB6 /* SuperTVtvOS.app */,
				8518AB30302EF13500416AB6 /* SuperTVtvOSUITests.xctest */,
			);
			name = Products;
			sourceTree = "<group>";
		};
/* End PBXGroup section */

/* Begin PBXNativeTarget section */
		8518AA89302CD99100416AB6 /* SuperTV */ = {
			isa = PBXNativeTarget;
			buildConfigurationList = 8518AAAB302CD99300416AB6 /* Build configuration list for PBXNativeTarget "SuperTV" */;
			buildPhases = (
				8518AA86302CD99100416AB6 /* Sources */,
				8518AA87302CD99100416AB6 /* Frameworks */,
				8518AA88302CD99100416AB6 /* Resources */,
			);
			buildRules = (
			);
			dependencies = (
			);
			fileSystemSynchronizedGroups = (
				8518AA8C302CD99100416AB6 /* SuperTV */,
			);
			name = SuperTV;
			packageProductDependencies = (
				AA0000000000000000000002 /* IPTVUI */,
			);
			productName = SuperTV;
			productReference = 8518AA8A302CD99100416AB6 /* SuperTV.app */;
			productType = "com.apple.product-type.application";
		};
		8518AA96302CD99300416AB6 /* SuperTVTests */ = {
			isa = PBXNativeTarget;
			buildConfigurationList = 8518AAAE302CD99300416AB6 /* Build configuration list for PBXNativeTarget "SuperTVTests" */;
			buildPhases = (
				8518AA93302CD99300416AB6 /* Sources */,
				8518AA94302CD99300416AB6 /* Frameworks */,
				8518AA95302CD99300416AB6 /* Resources */,
			);
			buildRules = (
			);
			dependencies = (
				8518AA99302CD99300416AB6 /* PBXTargetDependency */,
			);
			fileSystemSynchronizedGroups = (
				8518AA9A302CD99300416AB6 /* SuperTVTests */,
			);
			name = SuperTVTests;
			packageProductDependencies = (
			);
			productName = SuperTVTests;
			productReference = 8518AA97302CD99300416AB6 /* SuperTVTests.xctest */;
			productType = "com.apple.product-type.bundle.unit-test";
		};
		8518AAA0302CD99300416AB6 /* SuperTVUITests */ = {
			isa = PBXNativeTarget;
			buildConfigurationList = 8518AAB1302CD99300416AB6 /* Build configuration list for PBXNativeTarget "SuperTVUITests" */;
			buildPhases = (
				8518AA9D302CD99300416AB6 /* Sources */,
				8518AA9E302CD99300416AB6 /* Frameworks */,
				8518AA9F302CD99300416AB6 /* Resources */,
			);
			buildRules = (
			);
			dependencies = (
				8518AAA3302CD99300416AB6 /* PBXTargetDependency */,
			);
			fileSystemSynchronizedGroups = (
				8518AAA4302CD99300416AB6 /* SuperTVUITests */,
			);
			name = SuperTVUITests;
			packageProductDependencies = (
			);
			productName = SuperTVUITests;
			productReference = 8518AAA1302CD99300416AB6 /* SuperTVUITests.xctest */;
			productType = "com.apple.product-type.bundle.ui-testing";
		};
		8518AB19302EF13300416AB6 /* SuperTVtvOS */ = {
			isa = PBXNativeTarget;
			buildConfigurationList = 8518AB3E302EF13500416AB6 /* Build configuration list for PBXNativeTarget "SuperTVtvOS" */;
			buildPhases = (
				8518AB16302EF13300416AB6 /* Sources */,
				8518AB17302EF13300416AB6 /* Frameworks */,
				8518AB18302EF13300416AB6 /* Resources */,
			);
			buildRules = (
			);
			dependencies = (
			);
			fileSystemSynchronizedGroups = (
				8518AB1B302EF13300416AB6 /* SuperTVtvOS */,
			);
			name = SuperTVtvOS;
			packageProductDependencies = (
				AA0000000000000000000004 /* IPTVUITV */,
			);
			productName = SuperTVtvOS;
			productReference = 8518AB1A302EF13300416AB6 /* SuperTVtvOS.app */;
			productType = "com.apple.product-type.application";
		};
		8518AB2F302EF13500416AB6 /* SuperTVtvOSUITests */ = {
			isa = PBXNativeTarget;
			buildConfigurationList = 8518AB40302EF13500416AB6 /* Build configuration list for PBXNativeTarget "SuperTVtvOSUITests" */;
			buildPhases = (
				8518AB2C302EF13500416AB6 /* Sources */,
				8518AB2D302EF13500416AB6 /* Frameworks */,
				8518AB2E302EF13500416AB6 /* Resources */,
			);
			buildRules = (
			);
			dependencies = (
				8518AB32302EF13500416AB6 /* PBXTargetDependency */,
			);
			fileSystemSynchronizedGroups = (
				8518AB33302EF13500416AB6 /* SuperTVtvOSUITests */,
			);
			name = SuperTVtvOSUITests;
			packageProductDependencies = (
			);
			productName = SuperTVtvOSUITests;
			productReference = 8518AB30302EF13500416AB6 /* SuperTVtvOSUITests.xctest */;
			productType = "com.apple.product-type.bundle.ui-testing";
		};
/* End PBXNativeTarget section */

/* Begin PBXProject section */
		8518AA82302CD99100416AB6 /* Project object */ = {
			isa = PBXProject;
			attributes = {
				BuildIndependentTargetsInParallel = 1;
				LastSwiftUpdateCheck = 2660;
				LastUpgradeCheck = 2660;
				TargetAttributes = {
					8518AA89302CD99100416AB6 = {
						CreatedOnToolsVersion = 26.6;
					};
					8518AA96302CD99300416AB6 = {
						CreatedOnToolsVersion = 26.6;
						TestTargetID = 8518AA89302CD99100416AB6;
					};
					8518AAA0302CD99300416AB6 = {
						CreatedOnToolsVersion = 26.6;
						TestTargetID = 8518AA89302CD99100416AB6;
					};
					8518AB19302EF13300416AB6 = {
						CreatedOnToolsVersion = 26.6;
					};
					8518AB2F302EF13500416AB6 = {
						CreatedOnToolsVersion = 26.6;
						TestTargetID = 8518AB19302EF13300416AB6;
					};
				};
			};
			buildConfigurationList = 8518AA85302CD99100416AB6 /* Build configuration list for PBXProject "SuperTV" */;
			developmentRegion = en;
			hasScannedForEncodings = 0;
			knownRegions = (
				en,
				Base,
			);
			mainGroup = 8518AA81302CD99100416AB6;
			minimizedProjectReferenceProxies = 1;
			packageReferences = (
				AA0000000000000000000001 /* XCLocalSwiftPackageReference "Packages" */,
			);
			preferredProjectObjectVersion = 77;
			productRefGroup = 8518AA8B302CD99100416AB6 /* Products */;
			projectDirPath = "";
			projectRoot = "";
			targets = (
				8518AA89302CD99100416AB6 /* SuperTV */,
				8518AA96302CD99300416AB6 /* SuperTVTests */,
				8518AAA0302CD99300416AB6 /* SuperTVUITests */,
				8518AB19302EF13300416AB6 /* SuperTVtvOS */,
				8518AB2F302EF13500416AB6 /* SuperTVtvOSUITests */,
			);
		};
/* End PBXProject section */

/* Begin PBXResourcesBuildPhase section */
		8518AA88302CD99100416AB6 /* Resources */ = {
			isa = PBXResourcesBuildPhase;
			buildActionMask = 2147483647;
			files = (
			);
			runOnlyForDeploymentPostprocessing = 0;
		};
		8518AA95302CD99300416AB6 /* Resources */ = {
			isa = PBXResourcesBuildPhase;
			buildActionMask = 2147483647;
			files = (
			);
			runOnlyForDeploymentPostprocessing = 0;
		};
		8518AA9F302CD99300416AB6 /* Resources */ = {
			isa = PBXResourcesBuildPhase;
			buildActionMask = 2147483647;
			files = (
			);
			runOnlyForDeploymentPostprocessing = 0;
		};
		8518AB18302EF13300416AB6 /* Resources */ = {
			isa = PBXResourcesBuildPhase;
			buildActionMask = 2147483647;
			files = (
			);
			runOnlyForDeploymentPostprocessing = 0;
		};
		8518AB2E302EF13500416AB6 /* Resources */ = {
			isa = PBXResourcesBuildPhase;
			buildActionMask = 2147483647;
			files = (
			);
			runOnlyForDeploymentPostprocessing = 0;
		};
/* End PBXResourcesBuildPhase section */

/* Begin PBXSourcesBuildPhase section */
		8518AA86302CD99100416AB6 /* Sources */ = {
			isa = PBXSourcesBuildPhase;
			buildActionMask = 2147483647;
			files = (
			);
			runOnlyForDeploymentPostprocessing = 0;
		};
		8518AA93302CD99300416AB6 /* Sources */ = {
			isa = PBXSourcesBuildPhase;
			buildActionMask = 2147483647;
			files = (
			);
			runOnlyForDeploymentPostprocessing = 0;
		};
		8518AA9D302CD99300416AB6 /* Sources */ = {
			isa = PBXSourcesBuildPhase;
			buildActionMask = 2147483647;
			files = (
			);
			runOnlyForDeploymentPostprocessing = 0;
		};
		8518AB16302EF13300416AB6 /* Sources */ = {
			isa = PBXSourcesBuildPhase;
			buildActionMask = 2147483647;
			files = (
			);
			runOnlyForDeploymentPostprocessing = 0;
		};
		8518AB2C302EF13500416AB6 /* Sources */ = {
			isa = PBXSourcesBuildPhase;
			buildActionMask = 2147483647;
			files = (
			);
			runOnlyForDeploymentPostprocessing = 0;
		};
/* End PBXSourcesBuildPhase section */

/* Begin PBXTargetDependency section */
		8518AA99302CD99300416AB6 /* PBXTargetDependency */ = {
			isa = PBXTargetDependency;
			target = 8518AA89302CD99100416AB6 /* SuperTV */;
			targetProxy = 8518AA98302CD99300416AB6 /* PBXContainerItemProxy */;
		};
		8518AAA3302CD99300416AB6 /* PBXTargetDependency */ = {
			isa = PBXTargetDependency;
			target = 8518AA89302CD99100416AB6 /* SuperTV */;
			targetProxy = 8518AAA2302CD99300416AB6 /* PBXContainerItemProxy */;
		};
		8518AB32302EF13500416AB6 /* PBXTargetDependency */ = {
			isa = PBXTargetDependency;
			target = 8518AB19302EF13300416AB6 /* SuperTVtvOS */;
			targetProxy = 8518AB31302EF13500416AB6 /* PBXContainerItemProxy */;
		};
/* End PBXTargetDependency section */

/* Begin XCBuildConfiguration section */
		8518AAA9302CD99300416AB6 /* Debug */ = {
			isa = XCBuildConfiguration;
			buildSettings = {
				ALWAYS_SEARCH_USER_PATHS = NO;
				ASSETCATALOG_COMPILER_GENERATE_SWIFT_ASSET_SYMBOL_EXTENSIONS = YES;
				CLANG_ANALYZER_NONNULL = YES;
				CLANG_ANALYZER_NUMBER_OBJECT_CONVERSION = YES_AGGRESSIVE;
				CLANG_CXX_LANGUAGE_STANDARD = "gnu++20";
				CLANG_ENABLE_MODULES = YES;
				CLANG_ENABLE_OBJC_ARC = YES;
				CLANG_ENABLE_OBJC_WEAK = YES;
				CLANG_WARN_BLOCK_CAPTURE_AUTORELEASING = YES;
				CLANG_WARN_BOOL_CONVERSION = YES;
				CLANG_WARN_COMMA = YES;
				CLANG_WARN_CONSTANT_CONVERSION = YES;
				CLANG_WARN_DEPRECATED_OBJC_IMPLEMENTATIONS = YES;
				CLANG_WARN_DIRECT_OBJC_ISA_USAGE = YES_ERROR;
				CLANG_WARN_DOCUMENTATION_COMMENTS = YES;
				CLANG_WARN_EMPTY_BODY = YES;
				CLANG_WARN_ENUM_CONVERSION = YES;
				CLANG_WARN_INFINITE_RECURSION = YES;
				CLANG_WARN_INT_CONVERSION = YES;
				CLANG_WARN_NON_LITERAL_NULL_CONVERSION = YES;
				CLANG_WARN_OBJC_IMPLICIT_RETAIN_SELF = YES;
				CLANG_WARN_OBJC_LITERAL_CONVERSION = YES;
				CLANG_WARN_OBJC_ROOT_CLASS = YES_ERROR;
				CLANG_WARN_QUOTED_INCLUDE_IN_FRAMEWORK_HEADER = YES;
				CLANG_WARN_RANGE_LOOP_ANALYSIS = YES;
				CLANG_WARN_STRICT_PROTOTYPES = YES;
				CLANG_WARN_SUSPICIOUS_MOVE = YES;
				CLANG_WARN_UNGUARDED_AVAILABILITY = YES_AGGRESSIVE;
				CLANG_WARN_UNREACHABLE_CODE = YES;
				CLANG_WARN__DUPLICATE_METHOD_MATCH = YES;
				COPY_PHASE_STRIP = NO;
				DEBUG_INFORMATION_FORMAT = dwarf;
				DEVELOPMENT_TEAM = 6A8498PHTR;
				ENABLE_STRICT_OBJC_MSGSEND = YES;
				ENABLE_TESTABILITY = YES;
				ENABLE_USER_SCRIPT_SANDBOXING = YES;
				GCC_C_LANGUAGE_STANDARD = gnu17;
				GCC_DYNAMIC_NO_PIC = NO;
				GCC_NO_COMMON_BLOCKS = YES;
				GCC_OPTIMIZATION_LEVEL = 0;
				GCC_PREPROCESSOR_DEFINITIONS = (
					"DEBUG=1",
					"$(inherited)",
				);
				GCC_WARN_64_TO_32_BIT_CONVERSION = YES;
				GCC_WARN_ABOUT_RETURN_TYPE = YES_ERROR;
				GCC_WARN_UNDECLARED_SELECTOR = YES;
				GCC_WARN_UNINITIALIZED_AUTOS = YES_AGGRESSIVE;
				GCC_WARN_UNUSED_FUNCTION = YES;
				GCC_WARN_UNUSED_VARIABLE = YES;
				LOCALIZATION_PREFERS_STRING_CATALOGS = YES;
				MTL_ENABLE_DEBUG_INFO = INCLUDE_SOURCE;
				MTL_FAST_MATH = YES;
				ONLY_ACTIVE_ARCH = YES;
				SWIFT_ACTIVE_COMPILATION_CONDITIONS = "DEBUG $(inherited)";
				SWIFT_OPTIMIZATION_LEVEL = "-Onone";
			};
			name = Debug;
		};
		8518AAAA302CD99300416AB6 /* Release */ = {
			isa = XCBuildConfiguration;
			buildSettings = {
				ALWAYS_SEARCH_USER_PATHS = NO;
				ASSETCATALOG_COMPILER_GENERATE_SWIFT_ASSET_SYMBOL_EXTENSIONS = YES;
				CLANG_ANALYZER_NONNULL = YES;
				CLANG_ANALYZER_NUMBER_OBJECT_CONVERSION = YES_AGGRESSIVE;
				CLANG_CXX_LANGUAGE_STANDARD = "gnu++20";
				CLANG_ENABLE_MODULES = YES;
				CLANG_ENABLE_OBJC_ARC = YES;
				CLANG_ENABLE_OBJC_WEAK = YES;
				CLANG_WARN_BLOCK_CAPTURE_AUTORELEASING = YES;
				CLANG_WARN_BOOL_CONVERSION = YES;
				CLANG_WARN_COMMA = YES;
				CLANG_WARN_CONSTANT_CONVERSION = YES;
				CLANG_WARN_DEPRECATED_OBJC_IMPLEMENTATIONS = YES;
				CLANG_WARN_DIRECT_OBJC_ISA_USAGE = YES_ERROR;
				CLANG_WARN_DOCUMENTATION_COMMENTS = YES;
				CLANG_WARN_EMPTY_BODY = YES;
				CLANG_WARN_ENUM_CONVERSION = YES;
				CLANG_WARN_INFINITE_RECURSION = YES;
				CLANG_WARN_INT_CONVERSION = YES;
				CLANG_WARN_NON_LITERAL_NULL_CONVERSION = YES;
				CLANG_WARN_OBJC_IMPLICIT_RETAIN_SELF = YES;
				CLANG_WARN_OBJC_LITERAL_CONVERSION = YES;
				CLANG_WARN_OBJC_ROOT_CLASS = YES_ERROR;
				CLANG_WARN_QUOTED_INCLUDE_IN_FRAMEWORK_HEADER = YES;
				CLANG_WARN_RANGE_LOOP_ANALYSIS = YES;
				CLANG_WARN_STRICT_PROTOTYPES = YES;
				CLANG_WARN_SUSPICIOUS_MOVE = YES;
				CLANG_WARN_UNGUARDED_AVAILABILITY = YES_AGGRESSIVE;
				CLANG_WARN_UNREACHABLE_CODE = YES;
				CLANG_WARN__DUPLICATE_METHOD_MATCH = YES;
				COPY_PHASE_STRIP = NO;
				DEBUG_INFORMATION_FORMAT = "dwarf-with-dsym";
				DEVELOPMENT_TEAM = 6A8498PHTR;
				ENABLE_NS_ASSERTIONS = NO;
				ENABLE_STRICT_OBJC_MSGSEND = YES;
				ENABLE_USER_SCRIPT_SANDBOXING = YES;
				GCC_C_LANGUAGE_STANDARD = gnu17;
				GCC_NO_COMMON_BLOCKS = YES;
				GCC_WARN_64_TO_32_BIT_CONVERSION = YES;
				GCC_WARN_ABOUT_RETURN_TYPE = YES_ERROR;
				GCC_WARN_UNDECLARED_SELECTOR = YES;
				GCC_WARN_UNINITIALIZED_AUTOS = YES_AGGRESSIVE;
				GCC_WARN_UNUSED_FUNCTION = YES;
				GCC_WARN_UNUSED_VARIABLE = YES;
				LOCALIZATION_PREFERS_STRING_CATALOGS = YES;
				MTL_ENABLE_DEBUG_INFO = NO;
				MTL_FAST_MATH = YES;
				SWIFT_COMPILATION_MODE = wholemodule;
			};
			name = Release;
		};
		8518AAAC302CD99300416AB6 /* Debug */ = {
			isa = XCBuildConfiguration;
			buildSettings = {
				ASSETCATALOG_COMPILER_APPICON_NAME = AppIcon;
				ASSETCATALOG_COMPILER_GLOBAL_ACCENT_COLOR_NAME = AccentColor;
				CODE_SIGN_STYLE = Automatic;
				CURRENT_PROJECT_VERSION = 1;
				DEVELOPMENT_TEAM = 6A8498PHTR;
				ENABLE_APP_SANDBOX = YES;
				ENABLE_HARDENED_RUNTIME = YES;
				ENABLE_PREVIEWS = YES;
				ENABLE_USER_SELECTED_FILES = readonly;
				GENERATE_INFOPLIST_FILE = YES;
				INFOPLIST_FILE = Info.plist;
				INFOPLIST_KEY_CFBundleDisplayName = SuperTV;
				INFOPLIST_KEY_LSApplicationCategoryType = "public.app-category.video";
				"INFOPLIST_KEY_UIApplicationSceneManifest_Generation[sdk=iphoneos*]" = YES;
				"INFOPLIST_KEY_UIApplicationSceneManifest_Generation[sdk=iphonesimulator*]" = YES;
				"INFOPLIST_KEY_UIApplicationSupportsIndirectInputEvents[sdk=iphoneos*]" = YES;
				"INFOPLIST_KEY_UIApplicationSupportsIndirectInputEvents[sdk=iphonesimulator*]" = YES;
				"INFOPLIST_KEY_UILaunchScreen_Generation[sdk=iphoneos*]" = YES;
				"INFOPLIST_KEY_UILaunchScreen_Generation[sdk=iphonesimulator*]" = YES;
				"INFOPLIST_KEY_UIStatusBarStyle[sdk=iphoneos*]" = UIStatusBarStyleDefault;
				"INFOPLIST_KEY_UIStatusBarStyle[sdk=iphonesimulator*]" = UIStatusBarStyleDefault;
				INFOPLIST_KEY_UISupportedInterfaceOrientations_iPad = "UIInterfaceOrientationPortrait UIInterfaceOrientationPortraitUpsideDown UIInterfaceOrientationLandscapeLeft UIInterfaceOrientationLandscapeRight";
				INFOPLIST_KEY_UISupportedInterfaceOrientations_iPhone = "UIInterfaceOrientationPortrait UIInterfaceOrientationLandscapeLeft UIInterfaceOrientationLandscapeRight";
				IPHONEOS_DEPLOYMENT_TARGET = 18.0;
				LD_RUNPATH_SEARCH_PATHS = "@executable_path/Frameworks";
				"LD_RUNPATH_SEARCH_PATHS[sdk=macosx*]" = "@executable_path/../Frameworks";
				MACOSX_DEPLOYMENT_TARGET = 26.5;
				MARKETING_VERSION = 1.0;
				PRODUCT_BUNDLE_IDENTIFIER = com.regy.SuperTV;
				PRODUCT_NAME = "$(TARGET_NAME)";
				REGISTER_APP_GROUPS = YES;
				SDKROOT = auto;
				STRING_CATALOG_GENERATE_SYMBOLS = YES;
				SUPPORTED_PLATFORMS = "iphoneos iphonesimulator macosx xros xrsimulator";
				SWIFT_APPROACHABLE_CONCURRENCY = YES;
				SWIFT_DEFAULT_ACTOR_ISOLATION = MainActor;
				SWIFT_EMIT_LOC_STRINGS = YES;
				SWIFT_UPCOMING_FEATURE_MEMBER_IMPORT_VISIBILITY = YES;
				SWIFT_VERSION = 5.0;
				TARGETED_DEVICE_FAMILY = "1,2,7";
				XROS_DEPLOYMENT_TARGET = 26.5;
			};
			name = Debug;
		};
		8518AAAD302CD99300416AB6 /* Release */ = {
			isa = XCBuildConfiguration;
			buildSettings = {
				ASSETCATALOG_COMPILER_APPICON_NAME = AppIcon;
				ASSETCATALOG_COMPILER_GLOBAL_ACCENT_COLOR_NAME = AccentColor;
				CODE_SIGN_STYLE = Automatic;
				CURRENT_PROJECT_VERSION = 1;
				DEVELOPMENT_TEAM = 6A8498PHTR;
				ENABLE_APP_SANDBOX = YES;
				ENABLE_HARDENED_RUNTIME = YES;
				ENABLE_PREVIEWS = YES;
				ENABLE_USER_SELECTED_FILES = readonly;
				GENERATE_INFOPLIST_FILE = YES;
				INFOPLIST_FILE = Info.plist;
				INFOPLIST_KEY_CFBundleDisplayName = SuperTV;
				INFOPLIST_KEY_LSApplicationCategoryType = "public.app-category.video";
				"INFOPLIST_KEY_UIApplicationSceneManifest_Generation[sdk=iphoneos*]" = YES;
				"INFOPLIST_KEY_UIApplicationSceneManifest_Generation[sdk=iphonesimulator*]" = YES;
				"INFOPLIST_KEY_UIApplicationSupportsIndirectInputEvents[sdk=iphoneos*]" = YES;
				"INFOPLIST_KEY_UIApplicationSupportsIndirectInputEvents[sdk=iphonesimulator*]" = YES;
				"INFOPLIST_KEY_UILaunchScreen_Generation[sdk=iphoneos*]" = YES;
				"INFOPLIST_KEY_UILaunchScreen_Generation[sdk=iphonesimulator*]" = YES;
				"INFOPLIST_KEY_UIStatusBarStyle[sdk=iphoneos*]" = UIStatusBarStyleDefault;
				"INFOPLIST_KEY_UIStatusBarStyle[sdk=iphonesimulator*]" = UIStatusBarStyleDefault;
				INFOPLIST_KEY_UISupportedInterfaceOrientations_iPad = "UIInterfaceOrientationPortrait UIInterfaceOrientationPortraitUpsideDown UIInterfaceOrientationLandscapeLeft UIInterfaceOrientationLandscapeRight";
				INFOPLIST_KEY_UISupportedInterfaceOrientations_iPhone = "UIInterfaceOrientationPortrait UIInterfaceOrientationLandscapeLeft UIInterfaceOrientationLandscapeRight";
				IPHONEOS_DEPLOYMENT_TARGET = 18.0;
				LD_RUNPATH_SEARCH_PATHS = "@executable_path/Frameworks";
				"LD_RUNPATH_SEARCH_PATHS[sdk=macosx*]" = "@executable_path/../Frameworks";
				MACOSX_DEPLOYMENT_TARGET = 26.5;
				MARKETING_VERSION = 1.0;
				PRODUCT_BUNDLE_IDENTIFIER = com.regy.SuperTV;
				PRODUCT_NAME = "$(TARGET_NAME)";
				REGISTER_APP_GROUPS = YES;
				SDKROOT = auto;
				STRING_CATALOG_GENERATE_SYMBOLS = YES;
				SUPPORTED_PLATFORMS = "iphoneos iphonesimulator macosx xros xrsimulator";
				SWIFT_APPROACHABLE_CONCURRENCY = YES;
				SWIFT_DEFAULT_ACTOR_ISOLATION = MainActor;
				SWIFT_EMIT_LOC_STRINGS = YES;
				SWIFT_UPCOMING_FEATURE_MEMBER_IMPORT_VISIBILITY = YES;
				SWIFT_VERSION = 5.0;
				TARGETED_DEVICE_FAMILY = "1,2,7";
				XROS_DEPLOYMENT_TARGET = 26.5;
			};
			name = Release;
		};
		8518AAAF302CD99300416AB6 /* Debug */ = {
			isa = XCBuildConfiguration;
			buildSettings = {
				BUNDLE_LOADER = "$(TEST_HOST)";
				CODE_SIGN_STYLE = Automatic;
				CURRENT_PROJECT_VERSION = 1;
				DEVELOPMENT_TEAM = 6A8498PHTR;
				GENERATE_INFOPLIST_FILE = YES;
				IPHONEOS_DEPLOYMENT_TARGET = 26.5;
				MACOSX_DEPLOYMENT_TARGET = 26.5;
				MARKETING_VERSION = 1.0;
				PRODUCT_BUNDLE_IDENTIFIER = com.regy.SuperTVTests;
				PRODUCT_NAME = "$(TARGET_NAME)";
				SDKROOT = auto;
				STRING_CATALOG_GENERATE_SYMBOLS = NO;
				SUPPORTED_PLATFORMS = "iphoneos iphonesimulator macosx xros xrsimulator";
				SWIFT_APPROACHABLE_CONCURRENCY = YES;
				SWIFT_EMIT_LOC_STRINGS = NO;
				SWIFT_UPCOMING_FEATURE_MEMBER_IMPORT_VISIBILITY = YES;
				SWIFT_VERSION = 5.0;
				TARGETED_DEVICE_FAMILY = "1,2,7";
				TEST_HOST = "$(BUILT_PRODUCTS_DIR)/SuperTV.app/$(BUNDLE_EXECUTABLE_FOLDER_PATH)/SuperTV";
				XROS_DEPLOYMENT_TARGET = 26.5;
			};
			name = Debug;
		};
		8518AAB0302CD99300416AB6 /* Release */ = {
			isa = XCBuildConfiguration;
			buildSettings = {
				BUNDLE_LOADER = "$(TEST_HOST)";
				CODE_SIGN_STYLE = Automatic;
				CURRENT_PROJECT_VERSION = 1;
				DEVELOPMENT_TEAM = 6A8498PHTR;
				GENERATE_INFOPLIST_FILE = YES;
				IPHONEOS_DEPLOYMENT_TARGET = 26.5;
				MACOSX_DEPLOYMENT_TARGET = 26.5;
				MARKETING_VERSION = 1.0;
				PRODUCT_BUNDLE_IDENTIFIER = com.regy.SuperTVTests;
				PRODUCT_NAME = "$(TARGET_NAME)";
				SDKROOT = auto;
				STRING_CATALOG_GENERATE_SYMBOLS = NO;
				SUPPORTED_PLATFORMS = "iphoneos iphonesimulator macosx xros xrsimulator";
				SWIFT_APPROACHABLE_CONCURRENCY = YES;
				SWIFT_EMIT_LOC_STRINGS = NO;
				SWIFT_UPCOMING_FEATURE_MEMBER_IMPORT_VISIBILITY = YES;
				SWIFT_VERSION = 5.0;
				TARGETED_DEVICE_FAMILY = "1,2,7";
				TEST_HOST = "$(BUILT_PRODUCTS_DIR)/SuperTV.app/$(BUNDLE_EXECUTABLE_FOLDER_PATH)/SuperTV";
				XROS_DEPLOYMENT_TARGET = 26.5;
			};
			name = Release;
		};
		8518AAB2302CD99300416AB6 /* Debug */ = {
			isa = XCBuildConfiguration;
			buildSettings = {
				CODE_SIGN_STYLE = Automatic;
				CURRENT_PROJECT_VERSION = 1;
				DEVELOPMENT_TEAM = 6A8498PHTR;
				GENERATE_INFOPLIST_FILE = YES;
				IPHONEOS_DEPLOYMENT_TARGET = 26.5;
				MACOSX_DEPLOYMENT_TARGET = 26.5;
				MARKETING_VERSION = 1.0;
				PRODUCT_BUNDLE_IDENTIFIER = com.regy.SuperTVUITests;
				PRODUCT_NAME = "$(TARGET_NAME)";
				SDKROOT = auto;
				STRING_CATALOG_GENERATE_SYMBOLS = NO;
				SUPPORTED_PLATFORMS = "iphoneos iphonesimulator macosx xros xrsimulator";
				SWIFT_APPROACHABLE_CONCURRENCY = YES;
				SWIFT_EMIT_LOC_STRINGS = NO;
				SWIFT_UPCOMING_FEATURE_MEMBER_IMPORT_VISIBILITY = YES;
				SWIFT_VERSION = 5.0;
				TARGETED_DEVICE_FAMILY = "1,2,7";
				TEST_TARGET_NAME = SuperTV;
				XROS_DEPLOYMENT_TARGET = 26.5;
			};
			name = Debug;
		};
		8518AAB3302CD99300416AB6 /* Release */ = {
			isa = XCBuildConfiguration;
			buildSettings = {
				CODE_SIGN_STYLE = Automatic;
				CURRENT_PROJECT_VERSION = 1;
				DEVELOPMENT_TEAM = 6A8498PHTR;
				GENERATE_INFOPLIST_FILE = YES;
				IPHONEOS_DEPLOYMENT_TARGET = 26.5;
				MACOSX_DEPLOYMENT_TARGET = 26.5;
				MARKETING_VERSION = 1.0;
				PRODUCT_BUNDLE_IDENTIFIER = com.regy.SuperTVUITests;
				PRODUCT_NAME = "$(TARGET_NAME)";
				SDKROOT = auto;
				STRING_CATALOG_GENERATE_SYMBOLS = NO;
				SUPPORTED_PLATFORMS = "iphoneos iphonesimulator macosx xros xrsimulator";
				SWIFT_APPROACHABLE_CONCURRENCY = YES;
				SWIFT_EMIT_LOC_STRINGS = NO;
				SWIFT_UPCOMING_FEATURE_MEMBER_IMPORT_VISIBILITY = YES;
				SWIFT_VERSION = 5.0;
				TARGETED_DEVICE_FAMILY = "1,2,7";
				TEST_TARGET_NAME = SuperTV;
				XROS_DEPLOYMENT_TARGET = 26.5;
			};
			name = Release;
		};
		8518AB38302EF13500416AB6 /* Debug */ = {
			isa = XCBuildConfiguration;
			buildSettings = {
				ASSETCATALOG_COMPILER_APPICON_NAME = "App Icon & Top Shelf Image";
				ASSETCATALOG_COMPILER_GLOBAL_ACCENT_COLOR_NAME = AccentColor;
				CODE_SIGN_STYLE = Automatic;
				CURRENT_PROJECT_VERSION = 1;
				DEVELOPMENT_TEAM = 6A8498PHTR;
				ENABLE_PREVIEWS = YES;
				GENERATE_INFOPLIST_FILE = YES;
				INFOPLIST_FILE = "Info-tvOS.plist";
				INFOPLIST_KEY_CFBundleDisplayName = SuperTV;
				INFOPLIST_KEY_LSApplicationCategoryType = "public.app-category.video";
				INFOPLIST_KEY_UILaunchScreen_Generation = YES;
				INFOPLIST_KEY_UIUserInterfaceStyle = Automatic;
				LD_RUNPATH_SEARCH_PATHS = (
					"$(inherited)",
					"@executable_path/Frameworks",
				);
				MARKETING_VERSION = 1.0;
				PRODUCT_BUNDLE_IDENTIFIER = com.regy.SuperTVtvOS;
				PRODUCT_NAME = "$(TARGET_NAME)";
				SDKROOT = appletvos;
				STRING_CATALOG_GENERATE_SYMBOLS = YES;
				SWIFT_APPROACHABLE_CONCURRENCY = YES;
				SWIFT_DEFAULT_ACTOR_ISOLATION = MainActor;
				SWIFT_EMIT_LOC_STRINGS = YES;
				SWIFT_UPCOMING_FEATURE_MEMBER_IMPORT_VISIBILITY = YES;
				SWIFT_VERSION = 5.0;
				TARGETED_DEVICE_FAMILY = 3;
				TVOS_DEPLOYMENT_TARGET = 26.5;
			};
			name = Debug;
		};
		8518AB39302EF13500416AB6 /* Release */ = {
			isa = XCBuildConfiguration;
			buildSettings = {
				ASSETCATALOG_COMPILER_APPICON_NAME = "App Icon & Top Shelf Image";
				ASSETCATALOG_COMPILER_GLOBAL_ACCENT_COLOR_NAME = AccentColor;
				CODE_SIGN_STYLE = Automatic;
				CURRENT_PROJECT_VERSION = 1;
				DEVELOPMENT_TEAM = 6A8498PHTR;
				ENABLE_PREVIEWS = YES;
				GENERATE_INFOPLIST_FILE = YES;
				INFOPLIST_FILE = "Info-tvOS.plist";
				INFOPLIST_KEY_CFBundleDisplayName = SuperTV;
				INFOPLIST_KEY_LSApplicationCategoryType = "public.app-category.video";
				INFOPLIST_KEY_UILaunchScreen_Generation = YES;
				INFOPLIST_KEY_UIUserInterfaceStyle = Automatic;
				LD_RUNPATH_SEARCH_PATHS = (
					"$(inherited)",
					"@executable_path/Frameworks",
				);
				MARKETING_VERSION = 1.0;
				PRODUCT_BUNDLE_IDENTIFIER = com.regy.SuperTVtvOS;
				PRODUCT_NAME = "$(TARGET_NAME)";
				SDKROOT = appletvos;
				STRING_CATALOG_GENERATE_SYMBOLS = YES;
				SWIFT_APPROACHABLE_CONCURRENCY = YES;
				SWIFT_DEFAULT_ACTOR_ISOLATION = MainActor;
				SWIFT_EMIT_LOC_STRINGS = YES;
				SWIFT_UPCOMING_FEATURE_MEMBER_IMPORT_VISIBILITY = YES;
				SWIFT_VERSION = 5.0;
				TARGETED_DEVICE_FAMILY = 3;
				TVOS_DEPLOYMENT_TARGET = 26.5;
				VALIDATE_PRODUCT = YES;
			};
			name = Release;
		};
		8518AB3C302EF13500416AB6 /* Debug */ = {
			isa = XCBuildConfiguration;
			buildSettings = {
				CODE_SIGN_STYLE = Automatic;
				CURRENT_PROJECT_VERSION = 1;
				DEVELOPMENT_TEAM = 6A8498PHTR;
				GENERATE_INFOPLIST_FILE = YES;
				MARKETING_VERSION = 1.0;
				PRODUCT_BUNDLE_IDENTIFIER = com.regy.SuperTVtvOSUITests;
				PRODUCT_NAME = "$(TARGET_NAME)";
				SDKROOT = appletvos;
				STRING_CATALOG_GENERATE_SYMBOLS = NO;
				SWIFT_APPROACHABLE_CONCURRENCY = YES;
				SWIFT_EMIT_LOC_STRINGS = NO;
				SWIFT_UPCOMING_FEATURE_MEMBER_IMPORT_VISIBILITY = YES;
				SWIFT_VERSION = 5.0;
				TARGETED_DEVICE_FAMILY = 3;
				TEST_TARGET_NAME = SuperTVtvOS;
				TVOS_DEPLOYMENT_TARGET = 26.5;
			};
			name = Debug;
		};
		8518AB3D302EF13500416AB6 /* Release */ = {
			isa = XCBuildConfiguration;
			buildSettings = {
				CODE_SIGN_STYLE = Automatic;
				CURRENT_PROJECT_VERSION = 1;
				DEVELOPMENT_TEAM = 6A8498PHTR;
				GENERATE_INFOPLIST_FILE = YES;
				MARKETING_VERSION = 1.0;
				PRODUCT_BUNDLE_IDENTIFIER = com.regy.SuperTVtvOSUITests;
				PRODUCT_NAME = "$(TARGET_NAME)";
				SDKROOT = appletvos;
				STRING_CATALOG_GENERATE_SYMBOLS = NO;
				SWIFT_APPROACHABLE_CONCURRENCY = YES;
				SWIFT_EMIT_LOC_STRINGS = NO;
				SWIFT_UPCOMING_FEATURE_MEMBER_IMPORT_VISIBILITY = YES;
				SWIFT_VERSION = 5.0;
				TARGETED_DEVICE_FAMILY = 3;
				TEST_TARGET_NAME = SuperTVtvOS;
				TVOS_DEPLOYMENT_TARGET = 26.5;
				VALIDATE_PRODUCT = YES;
			};
			name = Release;
		};
/* End XCBuildConfiguration section */

/* Begin XCConfigurationList section */
		8518AA85302CD99100416AB6 /* Build configuration list for PBXProject "SuperTV" */ = {
			isa = XCConfigurationList;
			buildConfigurations = (
				8518AAA9302CD99300416AB6 /* Debug */,
				8518AAAA302CD99300416AB6 /* Release */,
			);
			defaultConfigurationIsVisible = 0;
			defaultConfigurationName = Release;
		};
		8518AAAB302CD99300416AB6 /* Build configuration list for PBXNativeTarget "SuperTV" */ = {
			isa = XCConfigurationList;
			buildConfigurations = (
				8518AAAC302CD99300416AB6 /* Debug */,
				8518AAAD302CD99300416AB6 /* Release */,
			);
			defaultConfigurationIsVisible = 0;
			defaultConfigurationName = Release;
		};
		8518AAAE302CD99300416AB6 /* Build configuration list for PBXNativeTarget "SuperTVTests" */ = {
			isa = XCConfigurationList;
			buildConfigurations = (
				8518AAAF302CD99300416AB6 /* Debug */,
				8518AAB0302CD99300416AB6 /* Release */,
			);
			defaultConfigurationIsVisible = 0;
			defaultConfigurationName = Release;
		};
		8518AAB1302CD99300416AB6 /* Build configuration list for PBXNativeTarget "SuperTVUITests" */ = {
			isa = XCConfigurationList;
			buildConfigurations = (
				8518AAB2302CD99300416AB6 /* Debug */,
				8518AAB3302CD99300416AB6 /* Release */,
			);
			defaultConfigurationIsVisible = 0;
			defaultConfigurationName = Release;
		};
		8518AB3E302EF13500416AB6 /* Build configuration list for PBXNativeTarget "SuperTVtvOS" */ = {
			isa = XCConfigurationList;
			buildConfigurations = (
				8518AB38302EF13500416AB6 /* Debug */,
				8518AB39302EF13500416AB6 /* Release */,
			);
			defaultConfigurationIsVisible = 0;
			defaultConfigurationName = Release;
		};
		8518AB40302EF13500416AB6 /* Build configuration list for PBXNativeTarget "SuperTVtvOSUITests" */ = {
			isa = XCConfigurationList;
			buildConfigurations = (
				8518AB3C302EF13500416AB6 /* Debug */,
				8518AB3D302EF13500416AB6 /* Release */,
			);
			defaultConfigurationIsVisible = 0;
			defaultConfigurationName = Release;
		};
/* End XCConfigurationList section */

/* Begin XCLocalSwiftPackageReference section */
		AA0000000000000000000001 /* XCLocalSwiftPackageReference "Packages" */ = {
			isa = XCLocalSwiftPackageReference;
			relativePath = Packages;
		};
/* End XCLocalSwiftPackageReference section */

/* Begin XCSwiftPackageProductDependency section */
		AA0000000000000000000002 /* IPTVUI */ = {
			isa = XCSwiftPackageProductDependency;
			productName = IPTVUI;
		};
		AA0000000000000000000004 /* IPTVUITV */ = {
			isa = XCSwiftPackageProductDependency;
			productName = IPTVUITV;
		};
/* End XCSwiftPackageProductDependency section */
	};
	rootObject = 8518AA82302CD99100416AB6 /* Project object */;
}
